{
    "_readme": [
        "This file locks the dependencies of your project to a known state",
        "Read more about it at https://getcomposer.org/doc/01-basic-usage.md#installing-dependencies",
        "This file is @generated automatically"
    ],
    "content-hash": "04af4b9cd1bc5c655188e844fefa5ef7",
    "packages": [
        {
            "name": "betop/avanced_php",
            "version": "1.1.0",
            "source": {
                "type": "git",
                "url": "https://github.com/Pinalli/Avanced_PHP.git",
                "reference": "ebdd6f0753ad858fd6caa2f7661a4a4b090a7ccd"
            },
            "dist": {
                "type": "zip",
                "url": "https://api.github.com/repos/Pinalli/Avanced_PHP/zipball/ebdd6f0753ad858fd6caa2f7661a4a4b090a7ccd",
                "reference": "ebdd6f0753ad858fd6caa2f7661a4a4b090a7ccd",
                "shasum": ""
            },
            "require": {
                "php": ">=7.2.0"
            },
            "type": "library",
            "autoload": {
                "psr-0": {
                    "Search": "src/"
                },
                "psr-4": {
                    "Betop\\AvancedPhp\\": "src/"
                }
            },
            "notification-url": "https://packagist.org/downloads/",
            "license": [
                "MIT"
            ],
            "authors": [
                {
                    "name": "Alberto Rocha Pinalli",
                    "email": "betopinalli@gmail.com"
                }
            ],
            "description": "Busca de CEP online",
            "support": {
                "issues": "https://github.com/Pinalli/Avanced_PHP/issues",
                "source": "https://github.com/Pinalli/Avanced_PHP/tree/1.1.0"
            },
            "time": "2022-07-23T18:01:46+00:00"
        }
    ],
    "packages-dev": [],
    "aliases": [],
    "minimum-stability": "stable",
    "stability-flags": [],
    "prefer-stable": false,
    "prefer-lowest": false,
    "platform": [],
    "platform-dev": [],
    "plugin-api-version": "2.3.0"
}
